
Microsoft Visual Studio Solution File, Format Version 12.00
# Visual Studio Version 17
VisualStudioVersion = 17.2.32630.192
MinimumVisualStudioVersion = 10.0.40219.1
Project("{FAE04EC0-301F-11D3-BF4B-00C04F79EFBC}") = "API", "API\API.csproj", "{5257A618-E77D-48CF-A92C-1ADF2F0E9AE9}"
EndProject
Project("{FAE04EC0-301F-11D3-BF4B-00C04F79EFBC}") = "API2", "API2\API2.csproj", "{F28FF638-B657-4B42-8CD6-B33ACACD67A0}"
EndProject
Global
	GlobalSection(SolutionConfigurationPlatforms) = preSolution
		Debug|Any CPU = Debug|Any CPU
		Release|Any CPU = Release|Any CPU
	EndGlobalSection
	GlobalSection(ProjectConfigurationPlatforms) = postSolution
		{5257A618-E77D-48CF-A92C-1ADF2F0E9AE9}.Debug|Any CPU.ActiveCfg = Debug|Any CPU
		{5257A618-E77D-48CF-A92C-1ADF2F0E9AE9}.Debug|Any CPU.Build.0 = Debug|Any CPU
		{5257A618-E77D-48CF-A92C-1ADF2F0E9AE9}.Release|Any CPU.ActiveCfg = Release|Any CPU
		{5257A618-E77D-48CF-A92C-1ADF2F0E9AE9}.Release|Any CPU.Build.0 = Release|Any CPU
		{F28FF638-B657-4B42-8CD6-B33ACACD67A0}.Debug|Any CPU.ActiveCfg = Debug|Any CPU
		{F28FF638-B657-4B42-8CD6-B33ACACD67A0}.Debug|Any CPU.Build.0 = Debug|Any CPU
		{F28FF638-B657-4B42-8CD6-B33ACACD67A0}.Release|Any CPU.ActiveCfg = Release|Any CPU
		{F28FF638-B657-4B42-8CD6-B33ACACD67A0}.Release|Any CPU.Build.0 = Release|Any CPU
	EndGlobalSection
	GlobalSection(SolutionProperties) = preSolution
		HideSolutionNode = FALSE
	EndGlobalSection
	GlobalSection(ExtensibilityGlobals) = postSolution
		SolutionGuid = {C73A21EF-F41C-440B-8667-012AD8AF266B}
	EndGlobalSection
EndGlobal
